// !$*UTF8*$!
{
	archiveVersion = 1;
	classes = {
	};
	objectVersion = 48;
	objects = {

/* Begin PBXBuildFile section */
		EB1DAB0A21918B0D005F610D /* AppDelegate.m in Sources */ = {isa = PBXBuildFile; fileRef = EB1DAB0921918B0D005F610D /* AppDelegate.m */; };
		EB1DAB0D21918B0D005F610D /* ViewController.m in Sources */ = {isa = PBXBuildFile; fileRef = EB1DAB0C21918B0D005F610D /* ViewController.m */; };
		EB1DAB1021918B0D005F610D /* Main.storyboard in Resources */ = {isa = PBXBuildFile; fileRef = EB1DAB0E21918B0D005F610D /* Main.storyboard */; };
		EB1DAB1221918B0E005F610D /* Assets.xcassets in Resources */ = {isa = PBXBuildFile; fileRef = EB1DAB1121918B0E005F610D /* Assets.xcassets */; };
		EB1DAB1521918B0E005F610D /* LaunchScreen.storyboard in Resources */ = {isa = PBXBuildFile; fileRef = EB1DAB1321918B0E005F610D /* LaunchScreen.storyboard */; };
		EB1DAB1821918B0E005F610D /* main.m in Sources */ = {isa = PBXBuildFile; fileRef = EB1DAB1721918B0E005F610D /* main.m */; };
		EB1DAB2121918B4E005F610D /* UIViewController+NavigationBarHidden.m in Sources */ = {isa = PBXBuildFile; fileRef = EB1DAB2021918B4E005F610D /* UIViewController+NavigationBarHidden.m */; };
		EB35DCE2219199DD00405D60 /* SViewController.m in Sources */ = {isa = PBXBuildFile; fileRef = EB35DCDA219199DD00405D60 /* SViewController.m */; };
		EB35DCE3219199DD00405D60 /* TViewController.m in Sources */ = {isa = PBXBuildFile; fileRef = EB35DCDB219199DD00405D60 /* TViewController.m */; };
		EB35DCE4219199DD00405D60 /* FViewController.m in Sources */ = {isa = PBXBuildFile; fileRef = EB35DCDC219199DD00405D60 /* FViewController.m */; };
/* End PBXBuildFile section */

/* Begin PBXFileReference section */
		EB1DAB0521918B0D005F610D /* NavigationBarHidden.app */ = {isa = PBXFileReference; explicitFileType = wrapper.application; includeInIndex = 0; path = NavigationBarHidden.app; sourceTree = BUILT_PRODUCTS_DIR; };
		EB1DAB0821918B0D005F610D /* AppDelegate.h */ = {isa = PBXFileReference; lastKnownFileType = sourcecode.c.h; path = AppDelegate.h; sourceTree = "<group>"; };
		EB1DAB0921918B0D005F610D /* AppDelegate.m */ = {isa = PBXFileReference; lastKnownFileType = sourcecode.c.objc; path = AppDelegate.m; sourceTree = "<group>"; };
		EB1DAB0B21918B0D005F610D /* ViewController.h */ = {isa = PBXFileReference; lastKnownFileType = sourcecode.c.h; path = ViewController.h; sourceTree = "<group>"; };
		EB1DAB0C21918B0D005F610D /* ViewController.m */ = {isa = PBXFileReference; lastKnownFileType = sourcecode.c.objc; path = ViewController.m; sourceTree = "<group>"; };
		EB1DAB0F21918B0D005F610D /* Base */ = {isa = PBXFileReference; lastKnownFileType = file.storyboard; name = Base; path = Base.lproj/Main.storyboard; sourceTree = "<group>"; };
		EB1DAB1121918B0E005F610D /* Assets.xcassets */ = {isa = PBXFileReference; lastKnownFileType = folder.assetcatalog; path = Assets.xcassets; sourceTree = "<group>"; };
		EB1DAB1421918B0E005F610D /* Base */ = {isa = PBXFileReference; lastKnownFileType = file.storyboard; name = Base; path = Base.lproj/LaunchScreen.storyboard; sourceTree = "<group>"; };
		EB1DAB1621918B0E005F610D /* Info.plist */ = {isa = PBXFileReference; lastKnownFileType = text.plist.xml; path = Info.plist; sourceTree = "<group>"; };
		EB1DAB1721918B0E005F610D /* main.m */ = {isa = PBXFileReference; lastKnownFileType = sourcecode.c.objc; path = main.m; sourceTree = "<group>"; };
		EB1DAB1F21918B4E005F610D /* UIViewController+NavigationBarHidden.h */ = {isa = PBXFileReference; lastKnownFileType = sourcecode.c.h; path = "UIViewController+NavigationBarHidden.h"; sourceTree = "<group>"; };
		EB1DAB2021918B4E005F610D /* UIViewController+NavigationBarHidden.m */ = {isa = PBXFileReference; lastKnownFileType = sourcecode.c.objc; path = "UIViewController+NavigationBarHidden.m"; sourceTree = "<group>"; };
		EB35DCDA219199DD00405D60 /* SViewController.m */ = {isa = PBXFileReference; fileEncoding = 4; lastKnownFileType = sourcecode.c.objc; path = SViewController.m; sourceTree = "<group>"; };
		EB35DCDB219199DD00405D60 /* TViewController.m */ = {isa = PBXFileReference; fileEncoding = 4; lastKnownFileType = sourcecode.c.objc; path = TViewController.m; sourceTree = "<group>"; };
		EB35DCDC219199DD00405D60 /* FViewController.m */ = {isa = PBXFileReference; fileEncoding = 4; lastKnownFileType = sourcecode.c.objc; path = FViewController.m; sourceTree = "<group>"; };
		EB35DCDD219199DD00405D60 /* SViewController.h */ = {isa = PBXFileReference; fileEncoding = 4; lastKnownFileType = sourcecode.c.h; path = SViewController.h; sourceTree = "<group>"; };
		EB35DCDF219199DD00405D60 /* FViewController.h */ = {isa = PBXFileReference; fileEncoding = 4; lastKnownFileType = sourcecode.c.h; path = FViewController.h; sourceTree = "<group>"; };
		EB35DCE0219199DD00405D60 /* TViewController.h */ = {isa = PBXFileReference; fileEncoding = 4; lastKnownFileType = sourcecode.c.h; path = TViewController.h; sourceTree = "<group>"; };
		EB35DCE521919A8300405D60 /* PrefixHeader.pch */ = {isa = PBXFileReference; lastKnownFileType = sourcecode.c.h; path = PrefixHeader.pch; sourceTree = "<group>"; };
/* End PBXFileReference section */

/* Begin PBXFrameworksBuildPhase section */
		EB1DAB0221918B0D005F610D /* Frameworks */ = {
			isa = PBXFrameworksBuildPhase;
			buildActionMask = 2147483647;
			files = (
			);
			runOnlyForDeploymentPostprocessing = 0;
		};
/* End PBXFrameworksBuildPhase section */

/* Begin PBXGroup section */
		EB1DAAFC21918B0D005F610D = {
			isa = PBXGroup;
			children = (
				EB1DAB1E21918B35005F610D /* UIViewController+NavigationBarHidden */,
				EB1DAB0721918B0D005F610D /* NavigationBarHidden */,
				EB1DAB0621918B0D005F610D /* Products */,
			);
			sourceTree = "<group>";
		};
		EB1DAB0621918B0D005F610D /* Products */ = {
			isa = PBXGroup;
			children = (
				EB1DAB0521918B0D005F610D /* NavigationBarHidden.app */,
			);
			name = Products;
			sourceTree = "<group>";
		};
		EB1DAB0721918B0D005F610D /* NavigationBarHidden */ = {
			isa = PBXGroup;
			children = (
				EB1DAB0821918B0D005F610D /* AppDelegate.h */,
				EB1DAB0921918B0D005F610D /* AppDelegate.m */,
				EB35DCD8219199AF00405D60 /* ViewController */,
				EB1DAB0B21918B0D005F610D /* ViewController.h */,
				EB1DAB0C21918B0D005F610D /* ViewController.m */,
				EB35DCE521919A8300405D60 /* PrefixHeader.pch */,
				EB1DAB0E21918B0D005F610D /* Main.storyboard */,
				EB1DAB1121918B0E005F610D /* Assets.xcassets */,
				EB1DAB1321918B0E005F610D /* LaunchScreen.storyboard */,
				EB1DAB1621918B0E005F610D /* Info.plist */,
				EB1DAB1721918B0E005F610D /* main.m */,
			);
			path = NavigationBarHidden;
			sourceTree = "<group>";
		};
		EB1DAB1E21918B35005F610D /* UIViewController+NavigationBarHidden */ = {
			isa = PBXGroup;
			children = (
				EB1DAB1F21918B4E005F610D /* UIViewController+NavigationBarHidden.h */,
				EB1DAB2021918B4E005F610D /* UIViewController+NavigationBarHidden.m */,
			);
			path = "UIViewController+NavigationBarHidden";
			sourceTree = "<group>";
		};
		EB35DCD8219199AF00405D60 /* ViewController */ = {
			isa = PBXGroup;
			children = (
				EB35DCDF219199DD00405D60 /* FViewController.h */,
				EB35DCDC219199DD00405D60 /* FViewController.m */,
				EB35DCDD219199DD00405D60 /* SViewController.h */,
				EB35DCDA219199DD00405D60 /* SViewController.m */,
				EB35DCE0219199DD00405D60 /* TViewController.h */,
				EB35DCDB219199DD00405D60 /* TViewController.m */,
			);
			path = ViewController;
			sourceTree = "<group>";
		};
/* End PBXGroup section */

/* Begin PBXNativeTarget section */
		EB1DAB0421918B0D005F610D /* NavigationBarHidden */ = {
			isa = PBXNativeTarget;
			buildConfigurationList = EB1DAB1B21918B0E005F610D /* Build configuration list for PBXNativeTarget "NavigationBarHidden" */;
			buildPhases = (
				EB1DAB0121918B0D005F610D /* Sources */,
				EB1DAB0221918B0D005F610D /* Frameworks */,
				EB1DAB0321918B0D005F610D /* Resources */,
			);
			buildRules = (
			);
			dependencies = (
			);
			name = NavigationBarHidden;
			productName = NavigationBarHidden;
			productReference = EB1DAB0521918B0D005F610D /* NavigationBarHidden.app */;
			productType = "com.apple.product-type.application";
		};
/* End PBXNativeTarget section */

/* Begin PBXProject section */
		EB1DAAFD21918B0D005F610D /* Project object */ = {
			isa = PBXProject;
			attributes = {
				LastUpgradeCheck = 0910;
				ORGANIZATIONNAME = woaiyouxi0803;
				TargetAttributes = {
					EB1DAB0421918B0D005F610D = {
						CreatedOnToolsVersion = 9.1;
						ProvisioningStyle = Automatic;
					};
				};
			};
			buildConfigurationList = EB1DAB0021918B0D005F610D /* Build configuration list for PBXProject "NavigationBarHidden" */;
			compatibilityVersion = "Xcode 8.0";
			developmentRegion = en;
			hasScannedForEncodings = 0;
			knownRegions = (
				en,
				Base,
			);
			mainGroup = EB1DAAFC21918B0D005F610D;
			productRefGroup = EB1DAB0621918B0D005F610D /* Products */;
			projectDirPath = "";
			projectRoot = "";
			targets = (
				EB1DAB0421918B0D005F610D /* NavigationBarHidden */,
			);
		};
/* End PBXProject section */

/* Begin PBXResourcesBuildPhase section */
		EB1DAB0321918B0D005F610D /* Resources */ = {
			isa = PBXResourcesBuildPhase;
			buildActionMask = 2147483647;
			files = (
				EB1DAB1521918B0E005F610D /* LaunchScreen.storyboard in Resources */,
				EB1DAB1221918B0E005F610D /* Assets.xcassets in Resources */,
				EB1DAB1021918B0D005F610D /* Main.storyboard in Resources */,
			);
			runOnlyForDeploymentPostprocessing = 0;
		};
/* End PBXResourcesBuildPhase section */

/* Begin PBXSourcesBuildPhase section */
		EB1DAB0121918B0D005F610D /* Sources */ = {
			isa = PBXSourcesBuildPhase;
			buildActionMask = 2147483647;
			files = (
				EB1DAB0D21918B0D005F610D /* ViewController.m in Sources */,
				EB35DCE4219199DD00405D60 /* FViewController.m in Sources */,
				EB1DAB1821918B0E005F610D /* main.m in Sources */,
				EB1DAB2121918B4E005F610D /* UIViewController+NavigationBarHidden.m in Sources */,
				EB35DCE2219199DD00405D60 /* SViewController.m in Sources */,
				EB1DAB0A21918B0D005F610D /* AppDelegate.m in Sources */,
				EB35DCE3219199DD00405D60 /* TViewController.m in Sources */,
			);
			runOnlyForDeploymentPostprocessing = 0;
		};
/* End PBXSourcesBuildPhase section */

/* Begin PBXVariantGroup section */
		EB1DAB0E21918B0D005F610D /* Main.storyboard */ = {
			isa = PBXVariantGroup;
			children = (
				EB1DAB0F21918B0D005F610D /* Base */,
			);
			name = Main.storyboard;
			sourceTree = "<group>";
		};
		EB1DAB1321918B0E005F610D /* LaunchScreen.storyboard */ = {
			isa = PBXVariantGroup;
			children = (
				EB1DAB1421918B0E005F610D /* Base */,
			);
			name = LaunchScreen.storyboard;
			sourceTree = "<group>";
		};
/* End PBXVariantGroup section */

/* Begin XCBuildConfiguration section */
		EB1DAB1921918B0E005F610D /* Debug */ = {
			isa = XCBuildConfiguration;
			buildSettings = {
				ALWAYS_SEARCH_USER_PATHS = NO;
				CLANG_ANALYZER_NONNULL = YES;
				CLANG_ANALYZER_NUMBER_OBJECT_CONVERSION = YES_AGGRESSIVE;
				CLANG_CXX_LANGUAGE_STANDARD = "gnu++14";
				CLANG_CXX_LIBRARY = "libc++";
				CLANG_ENABLE_MODULES = YES;
				CLANG_ENABLE_OBJC_ARC = YES;
				CLANG_WARN_BLOCK_CAPTURE_AUTORELEASING = YES;
				CLANG_WARN_BOOL_CONVERSION = YES;
				CLANG_WARN_COMMA = YES;
				CLANG_WARN_CONSTANT_CONVERSION = YES;
				CLANG_WARN_DIRECT_OBJC_ISA_USAGE = YES_ERROR;
				CLANG_WARN_DOCUMENTATION_COMMENTS = YES;
				CLANG_WARN_EMPTY_BODY = YES;
				CLANG_WARN_ENUM_CONVERSION = YES;
				CLANG_WARN_INFINITE_RECURSION = YES;
				CLANG_WARN_INT_CONVERSION = YES;
				CLANG_WARN_NON_LITERAL_NULL_CONVERSION = YES;
				CLANG_WARN_OBJC_LITERAL_CONVERSION = YES;
				CLANG_WARN_OBJC_ROOT_CLASS = YES_ERROR;
				CLANG_WARN_RANGE_LOOP_ANALYSIS = YES;
				CLANG_WARN_STRICT_PROTOTYPES = YES;
				CLANG_WARN_SUSPICIOUS_MOVE = YES;
				CLANG_WARN_UNGUARDED_AVAILABILITY = YES_AGGRESSIVE;
				CLANG_WARN_UNREACHABLE_CODE = YES;
				CLANG_WARN__DUPLICATE_METHOD_MATCH = YES;
				CODE_SIGN_IDENTITY = "iPhone Developer";
				COPY_PHASE_STRIP = NO;
				DEBUG_INFORMATION_FORMAT = dwarf;
				ENABLE_STRICT_OBJC_MSGSEND = YES;
				ENABLE_TESTABILITY = YES;
				GCC_C_LANGUAGE_STANDARD = gnu11;
				GCC_DYNAMIC_NO_PIC = NO;
				GCC_NO_COMMON_BLOCKS = YES;
				GCC_OPTIMIZATION_LEVEL = 0;
				GCC_PREPROCESSOR_DEFINITIONS = (
					"DEBUG=1",
					"$(inherited)",
				);
				GCC_WARN_64_TO_32_BIT_CONVERSION = YES;
				GCC_WARN_ABOUT_RETURN_TYPE = YES_ERROR;
				GCC_WARN_UNDECLARED_SELECTOR = YES;
				GCC_WARN_UNINITIALIZED_AUTOS = YES_AGGRESSIVE;
				GCC_WARN_UNUSED_FUNCTION = YES;
				GCC_WARN_UNUSED_VARIABLE = YES;
				IPHONEOS_DEPLOYMENT_TARGET = 11.1;
				MTL_ENABLE_DEBUG_INFO = YES;
				ONLY_ACTIVE_ARCH = YES;
				SDKROOT = iphoneos;
				WARNING_CFLAGS = "";
			};
			name = Debug;
		};
		EB1DAB1A21918B0E005F610D /* Release */ = {
			isa = XCBuildConfiguration;
			buildSettings = {
				ALWAYS_SEARCH_USER_PATHS = NO;
				CLANG_ANALYZER_NONNULL = YES;
				CLANG_ANALYZER_NUMBER_OBJECT_CONVERSION = YES_AGGRESSIVE;
				CLANG_CXX_LANGUAGE_STANDARD = "gnu++14";
				CLANG_CXX_LIBRARY = "libc++";
				CLANG_ENABLE_MODULES = YES;
				CLANG_ENABLE_OBJC_ARC = YES;
				CLANG_WARN_BLOCK_CAPTURE_AUTORELEASING = YES;
				CLANG_WARN_BOOL_CONVERSION = YES;
				CLANG_WARN_COMMA = YES;
				CLANG_WARN_CONSTANT_CONVERSION = YES;
				CLANG_WARN_DIRECT_OBJC_ISA_USAGE = YES_ERROR;
				CLANG_WARN_DOCUMENTATION_COMMENTS = YES;
				CLANG_WARN_EMPTY_BODY = YES;
				CLANG_WARN_ENUM_CONVERSION = YES;
				CLANG_WARN_INFINITE_RECURSION = YES;
				CLANG_WARN_INT_CONVERSION = YES;
				CLANG_WARN_NON_LITERAL_NULL_CONVERSION = YES;
				CLANG_WARN_OBJC_LITERAL_CONVERSION = YES;
				CLANG_WARN_OBJC_ROOT_CLASS = YES_ERROR;
				CLANG_WARN_RANGE_LOOP_ANALYSIS = YES;
				CLANG_WARN_STRICT_PROTOTYPES = YES;
				CLANG_WARN_SUSPICIOUS_MOVE = YES;
				CLANG_WARN_UNGUARDED_AVAILABILITY = YES_AGGRESSIVE;
				CLANG_WARN_UNREACHABLE_CODE = YES;
				CLANG_WARN__DUPLICATE_METHOD_MATCH = YES;
				CODE_SIGN_IDENTITY = "iPhone Developer";
				COPY_PHASE_STRIP = NO;
				DEBUG_INFORMATION_FORMAT = "dwarf-with-dsym";
				ENABLE_NS_ASSERTIONS = NO;
				ENABLE_STRICT_OBJC_MSGSEND = YES;
				GCC_C_LANGUAGE_STANDARD = gnu11;
				GCC_NO_COMMON_BLOCKS = YES;
				GCC_WARN_64_TO_32_BIT_CONVERSION = YES;
				GCC_WARN_ABOUT_RETURN_TYPE = YES_ERROR;
				GCC_WARN_UNDECLARED_SELECTOR = YES;
				GCC_WARN_UNINITIALIZED_AUTOS = YES_AGGRESSIVE;
				GCC_WARN_UNUSED_FUNCTION = YES;
				GCC_WARN_UNUSED_VARIABLE = YES;
				IPHONEOS_DEPLOYMENT_TARGET = 11.1;
				MTL_ENABLE_DEBUG_INFO = NO;
				SDKROOT = iphoneos;
				VALIDATE_PRODUCT = YES;
				WARNING_CFLAGS = "";
			};
			name = Release;
		};
		EB1DAB1C21918B0E005F610D /* Debug */ = {
			isa = XCBuildConfiguration;
			buildSettings = {
				ASSETCATALOG_COMPILER_APPICON_NAME = AppIcon;
				CODE_SIGN_STYLE = Automatic;
				GCC_PREFIX_HEADER = "$(SRCROOT)/NavigationBarHidden/PrefixHeader.pch";
				INFOPLIST_FILE = NavigationBarHidden/Info.plist;
				IPHONEOS_DEPLOYMENT_TARGET = 9.0;
				LD_RUNPATH_SEARCH_PATHS = "$(inherited) @executable_path/Frameworks";
				PRODUCT_BUNDLE_IDENTIFIER = com.woaiyouxi0803.NavigationBarHidden;
				PRODUCT_NAME = "$(TARGET_NAME)";
				TARGETED_DEVICE_FAMILY = "1,2";
			};
			name = Debug;
		};
		EB1DAB1D21918B0E005F610D /* Release */ = {
			isa = XCBuildConfiguration;
			buildSettings = {
				ASSETCATALOG_COMPILER_APPICON_NAME = AppIcon;
				CODE_SIGN_STYLE = Automatic;
				GCC_PREFIX_HEADER = "$(SRCROOT)/NavigationBarHidden/PrefixHeader.pch";
				INFOPLIST_FILE = NavigationBarHidden/Info.plist;
				IPHONEOS_DEPLOYMENT_TARGET = 9.0;
				LD_RUNPATH_SEARCH_PATHS = "$(inherited) @executable_path/Frameworks";
				PRODUCT_BUNDLE_IDENTIFIER = com.woaiyouxi0803.NavigationBarHidden;
				PRODUCT_NAME = "$(TARGET_NAME)";
				TARGETED_DEVICE_FAMILY = "1,2";
			};
			name = Release;
		};
/* End XCBuildConfiguration section */

/* Begin XCConfigurationList section */
		EB1DAB0021918B0D005F610D /* Build configuration list for PBXProject "NavigationBarHidden" */ = {
			isa = XCConfigurationList;
			buildConfigurations = (
				EB1DAB1921918B0E005F610D /* Debug */,
				EB1DAB1A21918B0E005F610D /* Release */,
			);
			defaultConfigurationIsVisible = 0;
			defaultConfigurationName = Release;
		};
		EB1DAB1B21918B0E005F610D /* Build configuration list for PBXNativeTarget "NavigationBarHidden" */ = {
			isa = XCConfigurationList;
			buildConfigurations = (
				EB1DAB1C21918B0E005F610D /* Debug */,
				EB1DAB1D21918B0E005F610D /* Release */,
			);
			defaultConfigurationIsVisible = 0;
			defaultConfigurationName = Release;
		};
/* End XCConfigurationList section */
	};
	rootObject = EB1DAAFD21918B0D005F610D /* Project object */;
}
